<?xml version="1.0" encoding="utf-8"?>
<Project ToolsVersion="4.0" xmlns="http://schemas.microsoft.com/developer/msbuild/2003">
  <ItemGroup>
    <Filter Include="Components">
      <UniqueIdentifier>{f7b65bbd-85b5-45fb-8553-dc8caa7cf5c8}</UniqueIdentifier>
    </Filter>
    <Filter Include="GameSpecific">
      <UniqueIdentifier>{67DA6AB6-F800-4c08-8B7A-83BB121AAD01}</UniqueIdentifier>
      <Extensions>rc;ico;cur;bmp;dlg;rc2;rct;bin;rgs;gif;jpg;jpeg;jpe;resx;tiff;tif;png;wav;mfcribbon-ms</Extensions>
    </Filter>
    <Filter Include="Base">
      <UniqueIdentifier>{dcbf5d57-89fb-46ae-9313-c18bbc84aca8}</UniqueIdentifier>
    </Filter>
    <Filter Include="Maths">
      <UniqueIdentifier>{882c7406-9f07-48ba-a055-e1ef1c8ce7f9}</UniqueIdentifier>
    </Filter>
    <Filter Include="Graphics">
      <UniqueIdentifier>{02f2b2df-c072-4514-86d3-aa1f01872f69}</UniqueIdentifier>
    </Filter>
  </ItemGroup>
  <ItemGroup>
    <ClCompile Include="AnimSpriteComponent.cpp">
      <Filter>Components</Filter>
    </ClCompile>
    <ClCompile Include="BackgroundSpriteComponent.cpp">
      <Filter>Components</Filter>
    </ClCompile>
    <ClCompile Include="CircleCollisionComponent.cpp">
      <Filter>Components</Filter>
    </ClCompile>
    <ClCompile Include="InputComponent.cpp">
      <Filter>Components</Filter>
    </ClCompile>
    <ClCompile Include="MoveComponent.cpp">
      <Filter>Components</Filter>
    </ClCompile>
    <ClCompile Include="RectangleCollisionComponent.cpp">
      <Filter>Components</Filter>
    </ClCompile>
    <ClCompile Include="SpriteComponent.cpp">
      <Filter>Components</Filter>
    </ClCompile>
    <ClCompile Include="Actor.cpp">
      <Filter>Components</Filter>
    </ClCompile>
    <ClCompile Include="Component.cpp">
      <Filter>Components</Filter>
    </ClCompile>
    <ClCompile Include="Ball.cpp">
      <Filter>GameSpecific</Filter>
    </ClCompile>
    <ClCompile Include="Paddle.cpp">
      <Filter>GameSpecific</Filter>
    </ClCompile>
    <ClCompile Include="Assets.cpp">
      <Filter>Base</Filter>
    </ClCompile>
    <ClCompile Include="Game.cpp">
      <Filter>Base</Filter>
    </ClCompile>
    <ClCompile Include="Log.cpp">
      <Filter>Base</Filter>
    </ClCompile>
    <ClCompile Include="main.cpp">
      <Filter>Base</Filter>
    </ClCompile>
    <ClCompile Include="Timer.cpp">
      <Filter>Base</Filter>
    </ClCompile>
    <ClCompile Include="Window.cpp">
      <Filter>Base</Filter>
    </ClCompile>
    <ClCompile Include="Random.cpp">
      <Filter>Maths</Filter>
    </ClCompile>
    <ClCompile Include="Rectangle.cpp">
      <Filter>Maths</Filter>
    </ClCompile>
    <ClCompile Include="Vector2.cpp">
      <Filter>Maths</Filter>
    </ClCompile>
    <ClCompile Include="Renderer.cpp">
      <Filter>Graphics</Filter>
    </ClCompile>
    <ClCompile Include="Texture.cpp">
      <Filter>Graphics</Filter>
    </ClCompile>
    <ClCompile Include="Font.cpp">
      <Filter>Graphics</Filter>
    </ClCompile>
    <ClCompile Include="Brick.cpp">
      <Filter>GameSpecific</Filter>
    </ClCompile>
    <ClCompile Include="Border.cpp">
      <Filter>GameSpecific</Filter>
    </ClCompile>
    <ClCompile Include="Grid.cpp" />
    <ClCompile Include="Tile.cpp" />
    <ClCompile Include="Moto.cpp">
      <Filter>GameSpecific</Filter>
    </ClCompile>
  </ItemGroup>
  <ItemGroup>
    <ClInclude Include="AnimSpriteComponent.h">
      <Filter>Components</Filter>
    </ClInclude>
    <ClInclude Include="BackgroundSpriteComponent.h">
      <Filter>Components</Filter>
    </ClInclude>
    <ClInclude Include="CircleCollisionComponent.h">
      <Filter>Components</Filter>
    </ClInclude>
    <ClInclude Include="InputComponent.h">
      <Filter>Components</Filter>
    </ClInclude>
    <ClInclude Include="MoveComponent.h">
      <Filter>Components</Filter>
    </ClInclude>
    <ClInclude Include="RectangleCollisionComponent.h">
      <Filter>Components</Filter>
    </ClInclude>
    <ClInclude Include="SpriteComponent.h">
      <Filter>Components</Filter>
    </ClInclude>
    <ClInclude Include="Actor.h">
      <Filter>Components</Filter>
    </ClInclude>
    <ClInclude Include="Component.h">
      <Filter>Components</Filter>
    </ClInclude>
    <ClInclude Include="Ball.h">
      <Filter>GameSpecific</Filter>
    </ClInclude>
    <ClInclude Include="Paddle.h">
      <Filter>GameSpecific</Filter>
    </ClInclude>
    <ClInclude Include="Assets.h">
      <Filter>Base</Filter>
    </ClInclude>
    <ClInclude Include="Game.h">
      <Filter>Base</Filter>
    </ClInclude>
    <ClInclude Include="Log.h">
      <Filter>Base</Filter>
    </ClInclude>
    <ClInclude Include="Timer.h">
      <Filter>Base</Filter>
    </ClInclude>
    <ClInclude Include="Window.h">
      <Filter>Base</Filter>
    </ClInclude>
    <ClInclude Include="Maths.h">
      <Filter>Maths</Filter>
    </ClInclude>
    <ClInclude Include="Random.h">
      <Filter>Maths</Filter>
    </ClInclude>
    <ClInclude Include="Rectangle.h">
      <Filter>Maths</Filter>
    </ClInclude>
    <ClInclude Include="Vector2.h">
      <Filter>Maths</Filter>
    </ClInclude>
    <ClInclude Include="Renderer.h">
      <Filter>Graphics</Filter>
    </ClInclude>
    <ClInclude Include="Texture.h">
      <Filter>Graphics</Filter>
    </ClInclude>
    <ClInclude Include="Font.h">
      <Filter>Graphics</Filter>
    </ClInclude>
    <ClInclude Include="Brick.h">
      <Filter>GameSpecific</Filter>
    </ClInclude>
    <ClInclude Include="Border.h">
      <Filter>GameSpecific</Filter>
    </ClInclude>
    <ClInclude Include="Grid.h" />
    <ClInclude Include="Tile.h" />
    <ClInclude Include="Moto.h">
      <Filter>GameSpecific</Filter>
    </ClInclude>
  </ItemGroup>
</Project>